{
  "name": "mediabunny-types-repro",
  "lockfileVersion": 3,
  "requires": true,
  "packages": {
    "": {
      "name": "mediabunny-types-repro",
      "dependencies": {
        "mediabunny": "^1.21.0",
        "typescript": "^5.9.2"
      },
      "devDependencies": {
        "@tsconfig/strictest": "^2.0.6"
      }
    },
    "node_modules/@tsconfig/strictest": {
      "version": "2.0.6",
      "dev": true,
      "license": "MIT"
    },
    "node_modules/@types/dom-mediacapture-transform": {
      "version": "0.1.11",
      "license": "MIT",
      "dependencies": {
        "@types/dom-webcodecs": "*"
      }
    },
    "node_modules/@types/dom-webcodecs": {
      "version": "0.1.16",
      "license": "MIT"
    },
    "node_modules/mediabunny": {
      "version": "1.21.0",
      "license": "MPL-2.0",
      "workspaces": [
        "packages/*"
      ],
      "dependencies": {
        "@types/dom-mediacapture-transform": "^0.1.11",
        "@types/dom-webcodecs": "0.1.13"
      },
      "funding": {
        "type": "individual",
        "url": "https://github.com/sponsors/Vanilagy"
      }
    },
    "node_modules/mediabunny/node_modules/@types/dom-webcodecs": {
      "version": "0.1.13",
      "license": "MIT"
    },
    "node_modules/typescript": {
      "version": "5.9.2",
      "license": "Apache-2.0",
      "bin": {
        "tsc": "bin/tsc",
        "tsserver": "bin/tsserver"
      },
      "engines": {
        "node": ">=14.17"
      }
    }
  }
}
