# This file is generated by running "yarn install" inside your project.
# Manual changes might be lost - proceed with caution!

__metadata:
  version: 8
  cacheKey: 10c0

"@tsconfig/strictest@npm:^2.0.6":
  version: 2.0.6
  resolution: "@tsconfig/strictest@npm:2.0.6"
  checksum: 10c0/b8a0c89a8936e65d4b4ad1420a17abe51f9576eff68cea1755f003deb2f5436600708fe0f1e0d26f56aeec0584e91753007ff9a634c67e39cf915eef1b25fc7f
  languageName: node
  linkType: hard

"@types/dom-mediacapture-transform@npm:^0.1.11":
  version: 0.1.11
  resolution: "@types/dom-mediacapture-transform@npm:0.1.11"
  dependencies:
    "@types/dom-webcodecs": "npm:*"
  checksum: 10c0/19c76d54cf31aa2a925011fc5f973dff9a10bdecfdf2285e5e568e61850a0fa2b8c9f1807a1462cbefd57ec26d32eeaa9c359117aca9d9fe7f0d6f2fff33f51e
  languageName: node
  linkType: hard

"@types/dom-webcodecs@npm:*":
  version: 0.1.16
  resolution: "@types/dom-webcodecs@npm:0.1.16"
  checksum: 10c0/f0ce7fa808b27a4db0a724f35953621d4b898e1367fbf81a0f9d3fee7f616f29804563fec5af92e4c5303ae0ff9827828d3b1b480a1334ebeb53052e8ce6d782
  languageName: node
  linkType: hard

"@types/dom-webcodecs@npm:0.1.13":
  version: 0.1.13
  resolution: "@types/dom-webcodecs@npm:0.1.13"
  checksum: 10c0/16683fd0330fdfbb867affec1c18fd493d88433a4ec66257579adc5d07b07e9492268b4401e9017b7388b13750722365b0392b375e39c84e74f564d5b4f634a4
  languageName: node
  linkType: hard

"mediabunny-types-repro@workspace:.":
  version: 0.0.0-use.local
  resolution: "mediabunny-types-repro@workspace:."
  dependencies:
    "@tsconfig/strictest": "npm:^2.0.6"
    mediabunny: "npm:^1.21.0"
    typescript: "npm:^5.9.2"
  languageName: unknown
  linkType: soft

"mediabunny@npm:^1.21.0":
  version: 1.21.0
  resolution: "mediabunny@npm:1.21.0"
  dependencies:
    "@types/dom-mediacapture-transform": "npm:^0.1.11"
    "@types/dom-webcodecs": "npm:0.1.13"
  checksum: 10c0/ff73885337988ba7a21db6d2d15e01d8d6100d20f5dbae75379077adeed45b675910836a823da90e46e2e08bab3c73c8c5604410b634371c44836e9d82598bab
  languageName: node
  linkType: hard

"typescript@npm:^5.9.2":
  version: 5.9.2
  resolution: "typescript@npm:5.9.2"
  bin:
    tsc: bin/tsc
    tsserver: bin/tsserver
  checksum: 10c0/cd635d50f02d6cf98ed42de2f76289701c1ec587a363369255f01ed15aaf22be0813226bff3c53e99d971f9b540e0b3cc7583dbe05faded49b1b0bed2f638a18
  languageName: node
  linkType: hard

"typescript@patch:typescript@npm%3A^5.9.2#optional!builtin<compat/typescript>":
  version: 5.9.2
  resolution: "typescript@patch:typescript@npm%3A5.9.2#optional!builtin<compat/typescript>::version=5.9.2&hash=5786d5"
  bin:
    tsc: bin/tsc
    tsserver: bin/tsserver
  checksum: 10c0/34d2a8e23eb8e0d1875072064d5e1d9c102e0bdce56a10a25c0b917b8aa9001a9cf5c225df12497e99da107dc379360bc138163c66b55b95f5b105b50578067e
  languageName: node
  linkType: hard
